
Microsoft Visual Studio Solution File, Format Version 12.00
# Visual Studio Version 16
VisualStudioVersion = 16.0.32510.428
MinimumVisualStudioVersion = 10.0.40219.1
Project("{FAE04EC0-301F-11D3-BF4B-00C04F79EFBC}") = "Ex03.GarageLogic", "Ex03.GarageLogic\Ex03.GarageLogic.csproj", "{BA0D53C7-C32A-48FE-AAC4-DD80DFBAC25B}"
EndProject
Project("{FAE04EC0-301F-11D3-BF4B-00C04F79EFBC}") = "Ex03.ConsoleUI", "Ex03.ConsoleUI\Ex03.ConsoleUI.csproj", "{947B9E08-7F7A-4AB4-9B7A-7ED5040B3C5A}"
EndProject
Global
	GlobalSection(SolutionConfigurationPlatforms) = preSolution
		Debug|Any CPU = Debug|Any CPU
		Release|Any CPU = Release|Any CPU
	EndGlobalSection
	GlobalSection(ProjectConfigurationPlatforms) = postSolution
		{BA0D53C7-C32A-48FE-AAC4-DD80DFBAC25B}.Debug|Any CPU.ActiveCfg = Debug|Any CPU
		{BA0D53C7-C32A-48FE-AAC4-DD80DFBAC25B}.Debug|Any CPU.Build.0 = Debug|Any CPU
		{BA0D53C7-C32A-48FE-AAC4-DD80DFBAC25B}.Release|Any CPU.ActiveCfg = Release|Any CPU
		{BA0D53C7-C32A-48FE-AAC4-DD80DFBAC25B}.Release|Any CPU.Build.0 = Release|Any CPU
		{947B9E08-7F7A-4AB4-9B7A-7ED5040B3C5A}.Debug|Any CPU.ActiveCfg = Debug|Any CPU
		{947B9E08-7F7A-4AB4-9B7A-7ED5040B3C5A}.Debug|Any CPU.Build.0 = Debug|Any CPU
		{947B9E08-7F7A-4AB4-9B7A-7ED5040B3C5A}.Release|Any CPU.ActiveCfg = Release|Any CPU
		{947B9E08-7F7A-4AB4-9B7A-7ED5040B3C5A}.Release|Any CPU.Build.0 = Release|Any CPU
	EndGlobalSection
	GlobalSection(SolutionProperties) = preSolution
		HideSolutionNode = FALSE
	EndGlobalSection
	GlobalSection(ExtensibilityGlobals) = postSolution
		SolutionGuid = {4105356C-FFA4-4E0A-9EE2-609289C20A6B}
	EndGlobalSection
EndGlobal
